
Microsoft Visual Studio Solution File, Format Version 12.00
# Visual Studio Version 17
VisualStudioVersion = 17.11.35222.181
MinimumVisualStudioVersion = 10.0.40219.1
Project("{FAE04EC0-301F-11D3-BF4B-00C04F79EFBC}") = "Leccion35", "Leccion35.csproj", "{09079605-7C02-4681-BF45-E7EBF90A24D6}"
EndProject
Global
	GlobalSection(SolutionConfigurationPlatforms) = preSolution
		Debug|Any CPU = Debug|Any CPU
		Release|Any CPU = Release|Any CPU
	EndGlobalSection
	GlobalSection(ProjectConfigurationPlatforms) = postSolution
		{09079605-7C02-4681-BF45-E7EBF90A24D6}.Debug|Any CPU.ActiveCfg = Debug|Any CPU
		{09079605-7C02-4681-BF45-E7EBF90A24D6}.Debug|Any CPU.Build.0 = Debug|Any CPU
		{09079605-7C02-4681-BF45-E7EBF90A24D6}.Release|Any CPU.ActiveCfg = Release|Any CPU
		{09079605-7C02-4681-BF45-E7EBF90A24D6}.Release|Any CPU.Build.0 = Release|Any CPU
	EndGlobalSection
	GlobalSection(SolutionProperties) = preSolution
		HideSolutionNode = FALSE
	EndGlobalSection
	GlobalSection(ExtensibilityGlobals) = postSolution
		SolutionGuid = {D6878B67-0552-440F-819A-ABF0B79737DE}
	EndGlobalSection
EndGlobal
